Microsoft Visual Studio Solution File, Format Version 12.00
# Visual Studio Version 17
VisualStudioVersion = 17.5.2.0
MinimumVisualStudioVersion = 10.0.40219.1
Project("{FAE04EC0-301F-11D3-BF4B-00C04F79EFBC}") = "YummyGreekBackend", "YummyGreekBackend.csproj", "{6A576651-BE81-63CE-99E4-0B7DD69C1028}"
EndProject
Global
	GlobalSection(SolutionConfigurationPlatforms) = preSolution
		Debug|Any CPU = Debug|Any CPU
		Release|Any CPU = Release|Any CPU
	EndGlobalSection
	GlobalSection(ProjectConfigurationPlatforms) = postSolution
		{6A576651-BE81-63CE-99E4-0B7DD69C1028}.Debug|Any CPU.ActiveCfg = Debug|Any CPU
		{6A576651-BE81-63CE-99E4-0B7DD69C1028}.Debug|Any CPU.Build.0 = Debug|Any CPU
		{6A576651-BE81-63CE-99E4-0B7DD69C1028}.Release|Any CPU.ActiveCfg = Release|Any CPU
		{6A576651-BE81-63CE-99E4-0B7DD69C1028}.Release|Any CPU.Build.0 = Release|Any CPU
	EndGlobalSection
	GlobalSection(SolutionProperties) = preSolution
		HideSolutionNode = FALSE
	EndGlobalSection
	GlobalSection(ExtensibilityGlobals) = postSolution
		SolutionGuid = {3BA52275-2FE0-4652-80D8-BF1096297B99}
	EndGlobalSection
EndGlobal
